
Microsoft Visual Studio Solution File, Format Version 12.00
# Visual Studio Version 17
VisualStudioVersion = 17.2.32630.192
MinimumVisualStudioVersion = 10.0.40219.1
Project("{FAE04EC0-301F-11D3-BF4B-00C04F79EFBC}") = "rui-password-manager", "rui-password-manager.csproj", "{BEC879B5-8451-4903-A4A2-A646C83F219A}"
EndProject
Global
	GlobalSection(SolutionConfigurationPlatforms) = preSolution
		Debug|Any CPU = Debug|Any CPU
		Release|Any CPU = Release|Any CPU
	EndGlobalSection
	GlobalSection(ProjectConfigurationPlatforms) = postSolution
		{BEC879B5-8451-4903-A4A2-A646C83F219A}.Debug|Any CPU.ActiveCfg = Debug|Any CPU
		{BEC879B5-8451-4903-A4A2-A646C83F219A}.Debug|Any CPU.Build.0 = Debug|Any CPU
		{BEC879B5-8451-4903-A4A2-A646C83F219A}.Release|Any CPU.ActiveCfg = Release|Any CPU
		{BEC879B5-8451-4903-A4A2-A646C83F219A}.Release|Any CPU.Build.0 = Release|Any CPU
	EndGlobalSection
	GlobalSection(SolutionProperties) = preSolution
		HideSolutionNode = FALSE
	EndGlobalSection
	GlobalSection(ExtensibilityGlobals) = postSolution
		SolutionGuid = {526EA29C-49B4-4014-B0E6-9E8C438E32D8}
	EndGlobalSection
EndGlobal
